
Microsoft Visual Studio Solution File, Format Version 12.00
# Visual Studio Version 17
VisualStudioVersion = 17.0.31903.59
MinimumVisualStudioVersion = 10.0.40219.1
Project("{2150E333-8FDC-42A3-9474-1A3956D46DE8}") = "Core", "Core", "{DA613D38-8325-4F04-8F7C-E40BE472D7E9}"
EndProject
Project("{2150E333-8FDC-42A3-9474-1A3956D46DE8}") = "Finances", "Finances", "{9997BCE1-962F-4BFE-8917-6629222E36DD}"
EndProject
Project("{2150E333-8FDC-42A3-9474-1A3956D46DE8}") = "Sales", "Sales", "{57BB62D5-9000-4292-80C1-F767B82B826B}"
EndProject
Project("{2150E333-8FDC-42A3-9474-1A3956D46DE8}") = "Inventory", "Inventory", "{24DC13F1-8360-4D40-80DF-F33306DD435E}"
EndProject
Project("{2150E333-8FDC-42A3-9474-1A3956D46DE8}") = "Purchases", "Purchases", "{B73985C7-5D59-4E8C-BC69-1F1BB054B470}"
EndProject
Project("{FAE04EC0-301F-11D3-BF4B-00C04F79EFBC}") = "Micro.Sales", "Sales\Micro.Sales\Micro.Sales.csproj", "{BCBBB4E1-72E3-46C4-83C7-B89464583B52}"
EndProject
Project("{FAE04EC0-301F-11D3-BF4B-00C04F79EFBC}") = "Micro.Core", "Core\Micro.Core\Micro.Core.csproj", "{E15F1790-B73E-4920-AD91-DEB8FEDBA1C3}"
EndProject
Project("{FAE04EC0-301F-11D3-BF4B-00C04F79EFBC}") = "Micro.Purchases", "Purchases\Micro.Purchases\Micro.Purchases.csproj", "{06593815-9F9B-4CA8-BC0D-CEAF2A8761A2}"
EndProject
Project("{FAE04EC0-301F-11D3-BF4B-00C04F79EFBC}") = "Micro.Inventory", "Inventory\Micro.Inventory\Micro.Inventory.csproj", "{4C344212-619F-4F4D-A011-0827C541EDEE}"
EndProject
Project("{FAE04EC0-301F-11D3-BF4B-00C04F79EFBC}") = "Micro.Finances", "Finances\Micro.Finances\Micro.Finances.csproj", "{A6AE2142-D973-4ADD-945B-F3C3F442CAF4}"
EndProject
Project("{2150E333-8FDC-42A3-9474-1A3956D46DE8}") = "Presentation", "Presentation", "{092BB267-DCFE-4681-BE2B-61FA4AFECCCD}"
EndProject
Project("{FAE04EC0-301F-11D3-BF4B-00C04F79EFBC}") = "Micro.Api", "Presentation\Micro.Api\Micro.Api.csproj", "{14F5AC0D-FF06-46E8-A613-556EF12C8618}"
EndProject
Project("{2150E333-8FDC-42A3-9474-1A3956D46DE8}") = "Solution Items", "Solution Items", "{1242B96C-B915-4B06-B3E2-D6D83BDFE258}"
	ProjectSection(SolutionItems) = preProject
		docker-compose.yml = docker-compose.yml
	EndProjectSection
EndProject
Project("{FAE04EC0-301F-11D3-BF4B-00C04F79EFBC}") = "Micro.Identity", "Presentation\Micro.Identity\Micro.Identity.csproj", "{B03C111F-EE88-4BDC-961B-AC02FAB307BE}"
EndProject
Project("{FAE04EC0-301F-11D3-BF4B-00C04F79EFBC}") = "Micro.Inventory.Contracts", "Inventory\Micro.Inventory.Contracts\Micro.Inventory.Contracts.csproj", "{B07944EF-13EB-44D7-A698-355E1E98D33F}"
EndProject
Global
	GlobalSection(SolutionConfigurationPlatforms) = preSolution
		Debug|Any CPU = Debug|Any CPU
		Release|Any CPU = Release|Any CPU
	EndGlobalSection
	GlobalSection(SolutionProperties) = preSolution
		HideSolutionNode = FALSE
	EndGlobalSection
	GlobalSection(NestedProjects) = preSolution
		{BCBBB4E1-72E3-46C4-83C7-B89464583B52} = {57BB62D5-9000-4292-80C1-F767B82B826B}
		{E15F1790-B73E-4920-AD91-DEB8FEDBA1C3} = {DA613D38-8325-4F04-8F7C-E40BE472D7E9}
		{06593815-9F9B-4CA8-BC0D-CEAF2A8761A2} = {B73985C7-5D59-4E8C-BC69-1F1BB054B470}
		{4C344212-619F-4F4D-A011-0827C541EDEE} = {24DC13F1-8360-4D40-80DF-F33306DD435E}
		{A6AE2142-D973-4ADD-945B-F3C3F442CAF4} = {9997BCE1-962F-4BFE-8917-6629222E36DD}
		{14F5AC0D-FF06-46E8-A613-556EF12C8618} = {092BB267-DCFE-4681-BE2B-61FA4AFECCCD}
		{B03C111F-EE88-4BDC-961B-AC02FAB307BE} = {092BB267-DCFE-4681-BE2B-61FA4AFECCCD}
		{B07944EF-13EB-44D7-A698-355E1E98D33F} = {24DC13F1-8360-4D40-80DF-F33306DD435E}
	EndGlobalSection
	GlobalSection(ProjectConfigurationPlatforms) = postSolution
		{BCBBB4E1-72E3-46C4-83C7-B89464583B52}.Debug|Any CPU.ActiveCfg = Debug|Any CPU
		{BCBBB4E1-72E3-46C4-83C7-B89464583B52}.Debug|Any CPU.Build.0 = Debug|Any CPU
		{BCBBB4E1-72E3-46C4-83C7-B89464583B52}.Release|Any CPU.ActiveCfg = Release|Any CPU
		{BCBBB4E1-72E3-46C4-83C7-B89464583B52}.Release|Any CPU.Build.0 = Release|Any CPU
		{E15F1790-B73E-4920-AD91-DEB8FEDBA1C3}.Debug|Any CPU.ActiveCfg = Debug|Any CPU
		{E15F1790-B73E-4920-AD91-DEB8FEDBA1C3}.Debug|Any CPU.Build.0 = Debug|Any CPU
		{E15F1790-B73E-4920-AD91-DEB8FEDBA1C3}.Release|Any CPU.ActiveCfg = Release|Any CPU
		{E15F1790-B73E-4920-AD91-DEB8FEDBA1C3}.Release|Any CPU.Build.0 = Release|Any CPU
		{06593815-9F9B-4CA8-BC0D-CEAF2A8761A2}.Debug|Any CPU.ActiveCfg = Debug|Any CPU
		{06593815-9F9B-4CA8-BC0D-CEAF2A8761A2}.Debug|Any CPU.Build.0 = Debug|Any CPU
		{06593815-9F9B-4CA8-BC0D-CEAF2A8761A2}.Release|Any CPU.ActiveCfg = Release|Any CPU
		{06593815-9F9B-4CA8-BC0D-CEAF2A8761A2}.Release|Any CPU.Build.0 = Release|Any CPU
		{4C344212-619F-4F4D-A011-0827C541EDEE}.Debug|Any CPU.ActiveCfg = Debug|Any CPU
		{4C344212-619F-4F4D-A011-0827C541EDEE}.Debug|Any CPU.Build.0 = Debug|Any CPU
		{4C344212-619F-4F4D-A011-0827C541EDEE}.Release|Any CPU.ActiveCfg = Release|Any CPU
		{4C344212-619F-4F4D-A011-0827C541EDEE}.Release|Any CPU.Build.0 = Release|Any CPU
		{A6AE2142-D973-4ADD-945B-F3C3F442CAF4}.Debug|Any CPU.ActiveCfg = Debug|Any CPU
		{A6AE2142-D973-4ADD-945B-F3C3F442CAF4}.Debug|Any CPU.Build.0 = Debug|Any CPU
		{A6AE2142-D973-4ADD-945B-F3C3F442CAF4}.Release|Any CPU.ActiveCfg = Release|Any CPU
		{A6AE2142-D973-4ADD-945B-F3C3F442CAF4}.Release|Any CPU.Build.0 = Release|Any CPU
		{14F5AC0D-FF06-46E8-A613-556EF12C8618}.Debug|Any CPU.ActiveCfg = Debug|Any CPU
		{14F5AC0D-FF06-46E8-A613-556EF12C8618}.Debug|Any CPU.Build.0 = Debug|Any CPU
		{14F5AC0D-FF06-46E8-A613-556EF12C8618}.Release|Any CPU.ActiveCfg = Release|Any CPU
		{14F5AC0D-FF06-46E8-A613-556EF12C8618}.Release|Any CPU.Build.0 = Release|Any CPU
		{B03C111F-EE88-4BDC-961B-AC02FAB307BE}.Debug|Any CPU.ActiveCfg = Debug|Any CPU
		{B03C111F-EE88-4BDC-961B-AC02FAB307BE}.Debug|Any CPU.Build.0 = Debug|Any CPU
		{B03C111F-EE88-4BDC-961B-AC02FAB307BE}.Release|Any CPU.ActiveCfg = Release|Any CPU
		{B03C111F-EE88-4BDC-961B-AC02FAB307BE}.Release|Any CPU.Build.0 = Release|Any CPU
		{B07944EF-13EB-44D7-A698-355E1E98D33F}.Debug|Any CPU.ActiveCfg = Debug|Any CPU
		{B07944EF-13EB-44D7-A698-355E1E98D33F}.Debug|Any CPU.Build.0 = Debug|Any CPU
		{B07944EF-13EB-44D7-A698-355E1E98D33F}.Release|Any CPU.ActiveCfg = Release|Any CPU
		{B07944EF-13EB-44D7-A698-355E1E98D33F}.Release|Any CPU.Build.0 = Release|Any CPU
	EndGlobalSection
EndGlobal
